
Microsoft Visual Studio Solution File, Format Version 12.00
# Visual Studio Version 16
VisualStudioVersion = 16.0.30225.117
MinimumVisualStudioVersion = 10.0.40219.1
Project("{FAE04EC0-301F-11D3-BF4B-00C04F79EFBC}") = "CommandLineStore.Entities", "CommandLineStore.Entities\CommandLineStore.Entities.csproj", "{C5F37697-90A1-4571-9891-6A0852084615}"
EndProject
Project("{FAE04EC0-301F-11D3-BF4B-00C04F79EFBC}") = "CommandLineStore.DataContext", "CommandLineStore.DataContext\CommandLineStore.DataContext.csproj", "{B1D24B48-6B1C-48EC-8B71-42C64EA89153}"
EndProject
Global
	GlobalSection(SolutionConfigurationPlatforms) = preSolution
		Debug|Any CPU = Debug|Any CPU
		Release|Any CPU = Release|Any CPU
	EndGlobalSection
	GlobalSection(ProjectConfigurationPlatforms) = postSolution
		{C5F37697-90A1-4571-9891-6A0852084615}.Debug|Any CPU.ActiveCfg = Debug|Any CPU
		{C5F37697-90A1-4571-9891-6A0852084615}.Debug|Any CPU.Build.0 = Debug|Any CPU
		{C5F37697-90A1-4571-9891-6A0852084615}.Release|Any CPU.ActiveCfg = Release|Any CPU
		{C5F37697-90A1-4571-9891-6A0852084615}.Release|Any CPU.Build.0 = Release|Any CPU
		{B1D24B48-6B1C-48EC-8B71-42C64EA89153}.Debug|Any CPU.ActiveCfg = Debug|Any CPU
		{B1D24B48-6B1C-48EC-8B71-42C64EA89153}.Debug|Any CPU.Build.0 = Debug|Any CPU
		{B1D24B48-6B1C-48EC-8B71-42C64EA89153}.Release|Any CPU.ActiveCfg = Release|Any CPU
		{B1D24B48-6B1C-48EC-8B71-42C64EA89153}.Release|Any CPU.Build.0 = Release|Any CPU
	EndGlobalSection
	GlobalSection(SolutionProperties) = preSolution
		HideSolutionNode = FALSE
	EndGlobalSection
	GlobalSection(ExtensibilityGlobals) = postSolution
		SolutionGuid = {8C12896E-67AF-4F19-A9E6-552968BBED2A}
	EndGlobalSection
EndGlobal
